
Microsoft Visual Studio Solution File, Format Version 12.00
# Visual Studio 14
VisualStudioVersion = 14.0.25420.1
MinimumVisualStudioVersion = 10.0.40219.1
Project("{FAE04EC0-301F-11D3-BF4B-00C04F79EFBC}") = "EFDemo.CodeFirst", "EFDemo.CodeFirst\EFDemo.CodeFirst.csproj", "{F8631655-7960-4F34-8591-CBFB117BE137}"
EndProject
Project("{FAE04EC0-301F-11D3-BF4B-00C04F79EFBC}") = "EF.codeFirst", "EF.codeFirst\EF.codeFirst.csproj", "{44ACB30A-C929-4D32-81DA-DD9F47F7E2F1}"
EndProject
Project("{FAE04EC0-301F-11D3-BF4B-00C04F79EFBC}") = "EF.DBFirst", "EF.DBFirst\EF.DBFirst.csproj", "{C72B885D-2159-40DE-BDEC-2EB9C7F0BE00}"
EndProject
Global
	GlobalSection(SolutionConfigurationPlatforms) = preSolution
		Debug|Any CPU = Debug|Any CPU
		Release|Any CPU = Release|Any CPU
	EndGlobalSection
	GlobalSection(ProjectConfigurationPlatforms) = postSolution
		{F8631655-7960-4F34-8591-CBFB117BE137}.Debug|Any CPU.ActiveCfg = Debug|Any CPU
		{F8631655-7960-4F34-8591-CBFB117BE137}.Debug|Any CPU.Build.0 = Debug|Any CPU
		{F8631655-7960-4F34-8591-CBFB117BE137}.Release|Any CPU.ActiveCfg = Release|Any CPU
		{F8631655-7960-4F34-8591-CBFB117BE137}.Release|Any CPU.Build.0 = Release|Any CPU
		{44ACB30A-C929-4D32-81DA-DD9F47F7E2F1}.Debug|Any CPU.ActiveCfg = Debug|Any CPU
		{44ACB30A-C929-4D32-81DA-DD9F47F7E2F1}.Debug|Any CPU.Build.0 = Debug|Any CPU
		{44ACB30A-C929-4D32-81DA-DD9F47F7E2F1}.Release|Any CPU.ActiveCfg = Release|Any CPU
		{44ACB30A-C929-4D32-81DA-DD9F47F7E2F1}.Release|Any CPU.Build.0 = Release|Any CPU
		{C72B885D-2159-40DE-BDEC-2EB9C7F0BE00}.Debug|Any CPU.ActiveCfg = Debug|Any CPU
		{C72B885D-2159-40DE-BDEC-2EB9C7F0BE00}.Debug|Any CPU.Build.0 = Debug|Any CPU
		{C72B885D-2159-40DE-BDEC-2EB9C7F0BE00}.Release|Any CPU.ActiveCfg = Release|Any CPU
		{C72B885D-2159-40DE-BDEC-2EB9C7F0BE00}.Release|Any CPU.Build.0 = Release|Any CPU
	EndGlobalSection
	GlobalSection(SolutionProperties) = preSolution
		HideSolutionNode = FALSE
	EndGlobalSection
EndGlobal
